
Microsoft Visual Studio Solution File, Format Version 12.00
# Visual Studio Version 17
VisualStudioVersion = 17.9.34607.119
MinimumVisualStudioVersion = 10.0.40219.1
Project("{FAE04EC0-301F-11D3-BF4B-00C04F79EFBC}") = "HomeWork-6-OneArray", "HomeWork-6-OneArray.csproj", "{3DB63FB8-DB40-458A-8E28-645711C95603}"
EndProject
Global
	GlobalSection(SolutionConfigurationPlatforms) = preSolution
		Debug|Any CPU = Debug|Any CPU
		Release|Any CPU = Release|Any CPU
	EndGlobalSection
	GlobalSection(ProjectConfigurationPlatforms) = postSolution
		{3DB63FB8-DB40-458A-8E28-645711C95603}.Debug|Any CPU.ActiveCfg = Debug|Any CPU
		{3DB63FB8-DB40-458A-8E28-645711C95603}.Debug|Any CPU.Build.0 = Debug|Any CPU
		{3DB63FB8-DB40-458A-8E28-645711C95603}.Release|Any CPU.ActiveCfg = Release|Any CPU
		{3DB63FB8-DB40-458A-8E28-645711C95603}.Release|Any CPU.Build.0 = Release|Any CPU
	EndGlobalSection
	GlobalSection(SolutionProperties) = preSolution
		HideSolutionNode = FALSE
	EndGlobalSection
	GlobalSection(ExtensibilityGlobals) = postSolution
		SolutionGuid = {BC3B99D6-E01C-4A9B-AD15-B3C1CC4F3205}
	EndGlobalSection
EndGlobal
